// !$*UTF8*$!
{
	archiveVersion = 1;
	classes = {
	};
	objectVersion = 47;
	objects = {

/* Begin PBXBuildFile section */
		555CCEBC197527560093034B /* Foundation.framework in Frameworks */ = {isa = PBXBuildFile; fileRef = 555CCEBB197527560093034B /* Foundation.framework */; };
		555CCEBE197527560093034B /* CoreGraphics.framework in Frameworks */ = {isa = PBXBuildFile; fileRef = 555CCEBD197527560093034B /* CoreGraphics.framework */; };
		555CCEC0197527560093034B /* UIKit.framework in Frameworks */ = {isa = PBXBuildFile; fileRef = 555CCEBF197527560093034B /* UIKit.framework */; };
		555CCEFD197527DE0093034B /* Images.xcassets in Resources */ = {isa = PBXBuildFile; fileRef = 555CCEF1197527DE0093034B /* Images.xcassets */; };
		555CCEFE197527DE0093034B /* Main.storyboard in Resources */ = {isa = PBXBuildFile; fileRef = 555CCEF2197527DE0093034B /* Main.storyboard */; };
		555CCEFF197527DE0093034B /* AppDelegate.m in Sources */ = {isa = PBXBuildFile; fileRef = 555CCEF5197527DE0093034B /* AppDelegate.m */; };
		555CCF00197527DE0093034B /* CalcViewController.m in Sources */ = {isa = PBXBuildFile; fileRef = 555CCEF8197527DE0093034B /* CalcViewController.m */; };
		555CCF02197527DE0093034B /* main.m in Sources */ = {isa = PBXBuildFile; fileRef = 555CCEFC197527DE0093034B /* main.m */; };
		557F072D1998F4D600F45D6A /* LoadListViewController.m in Sources */ = {isa = PBXBuildFile; fileRef = 557F072C1998F4D600F45D6A /* LoadListViewController.m */; };
		55C93FD21B442FA900BCCDD3 /* LaunchScreen.storyboard in Resources */ = {isa = PBXBuildFile; fileRef = 55C93FD11B442FA900BCCDD3 /* LaunchScreen.storyboard */; };
		D0A29A6C694A4B8FA90BD7E8 /* libPods.a in Frameworks */ = {isa = PBXBuildFile; fileRef = 63CE0F6A225844808895824F /* libPods.a */; };
/* End PBXBuildFile section */

/* Begin PBXFileReference section */
		555CCEB8197527560093034B /* LoadCalc.app */ = {isa = PBXFileReference; explicitFileType = wrapper.application; includeInIndex = 0; path = LoadCalc.app; sourceTree = BUILT_PRODUCTS_DIR; };
		555CCEBB197527560093034B /* Foundation.framework */ = {isa = PBXFileReference; lastKnownFileType = wrapper.framework; name = Foundation.framework; path = System/Library/Frameworks/Foundation.framework; sourceTree = SDKROOT; };
		555CCEBD197527560093034B /* CoreGraphics.framework */ = {isa = PBXFileReference; lastKnownFileType = wrapper.framework; name = CoreGraphics.framework; path = System/Library/Frameworks/CoreGraphics.framework; sourceTree = SDKROOT; };
		555CCEBF197527560093034B /* UIKit.framework */ = {isa = PBXFileReference; lastKnownFileType = wrapper.framework; name = UIKit.framework; path = System/Library/Frameworks/UIKit.framework; sourceTree = SDKROOT; };
		555CCEF1197527DE0093034B /* Images.xcassets */ = {isa = PBXFileReference; lastKnownFileType = folder.assetcatalog; path = Images.xcassets; sourceTree = "<group>"; };
		555CCEF2197527DE0093034B /* Main.storyboard */ = {isa = PBXFileReference; fileEncoding = 4; lastKnownFileType = file.storyboard; path = Main.storyboard; sourceTree = "<group>"; };
		555CCEF4197527DE0093034B /* AppDelegate.h */ = {isa = PBXFileReference; fileEncoding = 4; lastKnownFileType = sourcecode.c.h; path = AppDelegate.h; sourceTree = "<group>"; };
		555CCEF5197527DE0093034B /* AppDelegate.m */ = {isa = PBXFileReference; fileEncoding = 4; lastKnownFileType = sourcecode.c.objc; path = AppDelegate.m; sourceTree = "<group>"; };
		555CCEF7197527DE0093034B /* CalcViewController.h */ = {isa = PBXFileReference; fileEncoding = 4; lastKnownFileType = sourcecode.c.h; path = CalcViewController.h; sourceTree = "<group>"; };
		555CCEF8197527DE0093034B /* CalcViewController.m */ = {isa = PBXFileReference; fileEncoding = 4; lastKnownFileType = sourcecode.c.objc; path = CalcViewController.m; sourceTree = "<group>"; };
		555CCEFA197527DE0093034B /* LoadCalc-Info.plist */ = {isa = PBXFileReference; fileEncoding = 4; lastKnownFileType = text.plist.xml; path = "LoadCalc-Info.plist"; sourceTree = "<group>"; };
		555CCEFC197527DE0093034B /* main.m */ = {isa = PBXFileReference; fileEncoding = 4; lastKnownFileType = sourcecode.c.objc; path = main.m; sourceTree = "<group>"; };
		557F072B1998F4D600F45D6A /* LoadListViewController.h */ = {isa = PBXFileReference; fileEncoding = 4; lastKnownFileType = sourcecode.c.h; path = LoadListViewController.h; sourceTree = "<group>"; };
		557F072C1998F4D600F45D6A /* LoadListViewController.m */ = {isa = PBXFileReference; fileEncoding = 4; lastKnownFileType = sourcecode.c.objc; path = LoadListViewController.m; sourceTree = "<group>"; };
		55C93FCF1B44299500BCCDD3 /* autoupdate-revision.sh */ = {isa = PBXFileReference; lastKnownFileType = text.script.sh; path = "autoupdate-revision.sh"; sourceTree = "<group>"; };
		55C93FD11B442FA900BCCDD3 /* LaunchScreen.storyboard */ = {isa = PBXFileReference; fileEncoding = 4; lastKnownFileType = file.storyboard; path = LaunchScreen.storyboard; sourceTree = "<group>"; };
		63CE0F6A225844808895824F /* libPods.a */ = {isa = PBXFileReference; explicitFileType = archive.ar; includeInIndex = 0; path = libPods.a; sourceTree = BUILT_PRODUCTS_DIR; };
		8988E24AE3344AE5C979CD5F /* Pods.release.xcconfig */ = {isa = PBXFileReference; includeInIndex = 1; lastKnownFileType = text.xcconfig; name = Pods.release.xcconfig; path = "Pods/Target Support Files/Pods/Pods.release.xcconfig"; sourceTree = "<group>"; };
		B180651FA2CE58522FE81B47 /* Pods.debug.xcconfig */ = {isa = PBXFileReference; includeInIndex = 1; lastKnownFileType = text.xcconfig; name = Pods.debug.xcconfig; path = "Pods/Target Support Files/Pods/Pods.debug.xcconfig"; sourceTree = "<group>"; };
/* End PBXFileReference section */

/* Begin PBXFrameworksBuildPhase section */
		555CCEB5197527560093034B /* Frameworks */ = {
			isa = PBXFrameworksBuildPhase;
			buildActionMask = 2147483647;
			files = (
				555CCEBE197527560093034B /* CoreGraphics.framework in Frameworks */,
				555CCEC0197527560093034B /* UIKit.framework in Frameworks */,
				555CCEBC197527560093034B /* Foundation.framework in Frameworks */,
				D0A29A6C694A4B8FA90BD7E8 /* libPods.a in Frameworks */,
			);
			runOnlyForDeploymentPostprocessing = 0;
		};
/* End PBXFrameworksBuildPhase section */

/* Begin PBXGroup section */
		555CCEAF197527560093034B = {
			isa = PBXGroup;
			children = (
				55C93FCE1B44299500BCCDD3 /* Scripts */,
				555CCEF3197527DE0093034B /* Classes */,
				555CCEF0197527DE0093034B /* Assets */,
				555CCEF9197527DE0093034B /* Supporting-files */,
				555CCEBA197527560093034B /* Frameworks */,
				555CCEB9197527560093034B /* Products */,
				7444F992B55A9195BB1CCEEF /* Pods */,
			);
			sourceTree = "<group>";
		};
		555CCEB9197527560093034B /* Products */ = {
			isa = PBXGroup;
			children = (
				555CCEB8197527560093034B /* LoadCalc.app */,
			);
			name = Products;
			sourceTree = "<group>";
		};
		555CCEBA197527560093034B /* Frameworks */ = {
			isa = PBXGroup;
			children = (
				555CCEBB197527560093034B /* Foundation.framework */,
				555CCEBD197527560093034B /* CoreGraphics.framework */,
				555CCEBF197527560093034B /* UIKit.framework */,
				63CE0F6A225844808895824F /* libPods.a */,
			);
			name = Frameworks;
			sourceTree = "<group>";
		};
		555CCEF0197527DE0093034B /* Assets */ = {
			isa = PBXGroup;
			children = (
				555CCEF1197527DE0093034B /* Images.xcassets */,
				555CCEF2197527DE0093034B /* Main.storyboard */,
				55C93FD11B442FA900BCCDD3 /* LaunchScreen.storyboard */,
			);
			path = Assets;
			sourceTree = "<group>";
		};
		555CCEF3197527DE0093034B /* Classes */ = {
			isa = PBXGroup;
			children = (
				555CCEF6197527DE0093034B /* ViewControllers */,
				555CCEF4197527DE0093034B /* AppDelegate.h */,
				555CCEF5197527DE0093034B /* AppDelegate.m */,
			);
			path = Classes;
			sourceTree = "<group>";
		};
		555CCEF6197527DE0093034B /* ViewControllers */ = {
			isa = PBXGroup;
			children = (
				555CCEF7197527DE0093034B /* CalcViewController.h */,
				555CCEF8197527DE0093034B /* CalcViewController.m */,
				557F072B1998F4D600F45D6A /* LoadListViewController.h */,
				557F072C1998F4D600F45D6A /* LoadListViewController.m */,
			);
			path = ViewControllers;
			sourceTree = "<group>";
		};
		555CCEF9197527DE0093034B /* Supporting-files */ = {
			isa = PBXGroup;
			children = (
				555CCEFA197527DE0093034B /* LoadCalc-Info.plist */,
				555CCEFC197527DE0093034B /* main.m */,
			);
			path = "Supporting-files";
			sourceTree = "<group>";
		};
		55C93FCE1B44299500BCCDD3 /* Scripts */ = {
			isa = PBXGroup;
			children = (
				55C93FCF1B44299500BCCDD3 /* autoupdate-revision.sh */,
			);
			path = Scripts;
			sourceTree = "<group>";
		};
		7444F992B55A9195BB1CCEEF /* Pods */ = {
			isa = PBXGroup;
			children = (
				B180651FA2CE58522FE81B47 /* Pods.debug.xcconfig */,
				8988E24AE3344AE5C979CD5F /* Pods.release.xcconfig */,
			);
			name = Pods;
			sourceTree = "<group>";
		};
/* End PBXGroup section */

/* Begin PBXNativeTarget section */
		555CCEB7197527560093034B /* LoadCalc */ = {
			isa = PBXNativeTarget;
			buildConfigurationList = 555CCEEA197527560093034B /* Build configuration list for PBXNativeTarget "LoadCalc" */;
			buildPhases = (
				75669CCAD4154B09A5030F65 /* Check Pods Manifest.lock */,
				555CCEB4197527560093034B /* Sources */,
				555CCEB5197527560093034B /* Frameworks */,
				555CCEB6197527560093034B /* Resources */,
				A3CDD0EFC1654E33BDC6331E /* Copy Pods Resources */,
				55C93FD01B4429BB00BCCDD3 /* ShellScript */,
			);
			buildRules = (
			);
			dependencies = (
			);
			name = LoadCalc;
			productName = LoadCalc;
			productReference = 555CCEB8197527560093034B /* LoadCalc.app */;
			productType = "com.apple.product-type.application";
		};
/* End PBXNativeTarget section */

/* Begin PBXProject section */
		555CCEB0197527560093034B /* Project object */ = {
			isa = PBXProject;
			attributes = {
				LastUpgradeCheck = 0510;
				ORGANIZATIONNAME = "Evgeny Aleksandrov";
				TargetAttributes = {
					555CCEB7197527560093034B = {
						DevelopmentTeam = 5567X9EQ9Q;
					};
				};
			};
			buildConfigurationList = 555CCEB3197527560093034B /* Build configuration list for PBXProject "LoadCalc" */;
			compatibilityVersion = "Xcode 6.3";
			developmentRegion = English;
			hasScannedForEncodings = 0;
			knownRegions = (
				en,
				Base,
			);
			mainGroup = 555CCEAF197527560093034B;
			productRefGroup = 555CCEB9197527560093034B /* Products */;
			projectDirPath = "";
			projectRoot = "";
			targets = (
				555CCEB7197527560093034B /* LoadCalc */,
			);
		};
/* End PBXProject section */

/* Begin PBXResourcesBuildPhase section */
		555CCEB6197527560093034B /* Resources */ = {
			isa = PBXResourcesBuildPhase;
			buildActionMask = 2147483647;
			files = (
				555CCEFE197527DE0093034B /* Main.storyboard in Resources */,
				55C93FD21B442FA900BCCDD3 /* LaunchScreen.storyboard in Resources */,
				555CCEFD197527DE0093034B /* Images.xcassets in Resources */,
			);
			runOnlyForDeploymentPostprocessing = 0;
		};
/* End PBXResourcesBuildPhase section */

/* Begin PBXShellScriptBuildPhase section */
		55C93FD01B4429BB00BCCDD3 /* ShellScript */ = {
			isa = PBXShellScriptBuildPhase;
			buildActionMask = 2147483647;
			files = (
			);
			inputPaths = (
			);
			outputPaths = (
			);
			runOnlyForDeploymentPostprocessing = 0;
			shellPath = /bin/sh;
			shellScript = "sh Scripts/autoupdate-revision.sh";
		};
		75669CCAD4154B09A5030F65 /* Check Pods Manifest.lock */ = {
			isa = PBXShellScriptBuildPhase;
			buildActionMask = 2147483647;
			files = (
			);
			inputPaths = (
			);
			name = "Check Pods Manifest.lock";
			outputPaths = (
			);
			runOnlyForDeploymentPostprocessing = 0;
			shellPath = /bin/sh;
			shellScript = "diff \"${PODS_ROOT}/../Podfile.lock\" \"${PODS_ROOT}/Manifest.lock\" > /dev/null\nif [[ $? != 0 ]] ; then\n    cat << EOM\nerror: The sandbox is not in sync with the Podfile.lock. Run 'pod install' or update your CocoaPods installation.\nEOM\n    exit 1\nfi\n";
			showEnvVarsInLog = 0;
		};
		A3CDD0EFC1654E33BDC6331E /* Copy Pods Resources */ = {
			isa = PBXShellScriptBuildPhase;
			buildActionMask = 2147483647;
			files = (
			);
			inputPaths = (
			);
			name = "Copy Pods Resources";
			outputPaths = (
			);
			runOnlyForDeploymentPostprocessing = 0;
			shellPath = /bin/sh;
			shellScript = "\"${SRCROOT}/Pods/Target Support Files/Pods/Pods-resources.sh\"\n";
			showEnvVarsInLog = 0;
		};
/* End PBXShellScriptBuildPhase section */

/* Begin PBXSourcesBuildPhase section */
		555CCEB4197527560093034B /* Sources */ = {
			isa = PBXSourcesBuildPhase;
			buildActionMask = 2147483647;
			files = (
				555CCEFF197527DE0093034B /* AppDelegate.m in Sources */,
				555CCF02197527DE0093034B /* main.m in Sources */,
				557F072D1998F4D600F45D6A /* LoadListViewController.m in Sources */,
				555CCF00197527DE0093034B /* CalcViewController.m in Sources */,
			);
			runOnlyForDeploymentPostprocessing = 0;
		};
/* End PBXSourcesBuildPhase section */

/* Begin XCBuildConfiguration section */
		555CCEE8197527560093034B /* Debug */ = {
			isa = XCBuildConfiguration;
			buildSettings = {
				ALWAYS_SEARCH_USER_PATHS = NO;
				CLANG_CXX_LANGUAGE_STANDARD = "gnu++0x";
				CLANG_CXX_LIBRARY = "libc++";
				CLANG_ENABLE_MODULES = YES;
				CLANG_ENABLE_OBJC_ARC = YES;
				CLANG_WARN_BOOL_CONVERSION = YES;
				CLANG_WARN_CONSTANT_CONVERSION = YES;
				CLANG_WARN_DIRECT_OBJC_ISA_USAGE = YES_ERROR;
				CLANG_WARN_EMPTY_BODY = YES;
				CLANG_WARN_ENUM_CONVERSION = YES;
				CLANG_WARN_INT_CONVERSION = YES;
				CLANG_WARN_OBJC_ROOT_CLASS = YES_ERROR;
				CLANG_WARN__DUPLICATE_METHOD_MATCH = YES;
				"CODE_SIGN_IDENTITY[sdk=iphoneos*]" = "iPhone Developer";
				COPY_PHASE_STRIP = NO;
				GCC_C_LANGUAGE_STANDARD = gnu99;
				GCC_DYNAMIC_NO_PIC = NO;
				GCC_OPTIMIZATION_LEVEL = 0;
				GCC_PREPROCESSOR_DEFINITIONS = (
					"DEBUG=1",
					"$(inherited)",
				);
				GCC_SYMBOLS_PRIVATE_EXTERN = NO;
				GCC_WARN_64_TO_32_BIT_CONVERSION = YES;
				GCC_WARN_ABOUT_RETURN_TYPE = YES_ERROR;
				GCC_WARN_UNDECLARED_SELECTOR = YES;
				GCC_WARN_UNINITIALIZED_AUTOS = YES_AGGRESSIVE;
				GCC_WARN_UNUSED_FUNCTION = YES;
				GCC_WARN_UNUSED_VARIABLE = YES;
				IPHONEOS_DEPLOYMENT_TARGET = 7.0;
				ONLY_ACTIVE_ARCH = YES;
				SDKROOT = iphoneos;
			};
			name = Debug;
		};
		555CCEE9197527560093034B /* Release */ = {
			isa = XCBuildConfiguration;
			buildSettings = {
				ALWAYS_SEARCH_USER_PATHS = NO;
				CLANG_CXX_LANGUAGE_STANDARD = "gnu++0x";
				CLANG_CXX_LIBRARY = "libc++";
				CLANG_ENABLE_MODULES = YES;
				CLANG_ENABLE_OBJC_ARC = YES;
				CLANG_WARN_BOOL_CONVERSION = YES;
				CLANG_WARN_CONSTANT_CONVERSION = YES;
				CLANG_WARN_DIRECT_OBJC_ISA_USAGE = YES_ERROR;
				CLANG_WARN_EMPTY_BODY = YES;
				CLANG_WARN_ENUM_CONVERSION = YES;
				CLANG_WARN_INT_CONVERSION = YES;
				CLANG_WARN_OBJC_ROOT_CLASS = YES_ERROR;
				CLANG_WARN__DUPLICATE_METHOD_MATCH = YES;
				"CODE_SIGN_IDENTITY[sdk=iphoneos*]" = "iPhone Developer";
				COPY_PHASE_STRIP = YES;
				ENABLE_NS_ASSERTIONS = NO;
				GCC_C_LANGUAGE_STANDARD = gnu99;
				GCC_WARN_64_TO_32_BIT_CONVERSION = YES;
				GCC_WARN_ABOUT_RETURN_TYPE = YES_ERROR;
				GCC_WARN_UNDECLARED_SELECTOR = YES;
				GCC_WARN_UNINITIALIZED_AUTOS = YES_AGGRESSIVE;
				GCC_WARN_UNUSED_FUNCTION = YES;
				GCC_WARN_UNUSED_VARIABLE = YES;
				IPHONEOS_DEPLOYMENT_TARGET = 7.0;
				SDKROOT = iphoneos;
				VALIDATE_PRODUCT = YES;
			};
			name = Release;
		};
		555CCEEB197527560093034B /* Debug */ = {
			isa = XCBuildConfiguration;
			baseConfigurationReference = B180651FA2CE58522FE81B47 /* Pods.debug.xcconfig */;
			buildSettings = {
				ASSETCATALOG_COMPILER_APPICON_NAME = AppIcon;
				CODE_SIGN_IDENTITY = "iPhone Developer";
				"CODE_SIGN_IDENTITY[sdk=iphoneos*]" = "iPhone Developer";
				INFOPLIST_FILE = "$(SRCROOT)/Supporting-files/LoadCalc-Info.plist";
				PRODUCT_NAME = "$(TARGET_NAME)";
				PROVISIONING_PROFILE = "";
				WRAPPER_EXTENSION = app;
			};
			name = Debug;
		};
		555CCEEC197527560093034B /* Release */ = {
			isa = XCBuildConfiguration;
			baseConfigurationReference = 8988E24AE3344AE5C979CD5F /* Pods.release.xcconfig */;
			buildSettings = {
				ASSETCATALOG_COMPILER_APPICON_NAME = AppIcon;
				CODE_SIGN_IDENTITY = "iPhone Developer";
				"CODE_SIGN_IDENTITY[sdk=iphoneos*]" = "iPhone Developer";
				INFOPLIST_FILE = "$(SRCROOT)/Supporting-files/LoadCalc-Info.plist";
				PRODUCT_NAME = "$(TARGET_NAME)";
				PROVISIONING_PROFILE = "";
				WRAPPER_EXTENSION = app;
			};
			name = Release;
		};
/* End XCBuildConfiguration section */

/* Begin XCConfigurationList section */
		555CCEB3197527560093034B /* Build configuration list for PBXProject "LoadCalc" */ = {
			isa = XCConfigurationList;
			buildConfigurations = (
				555CCEE8197527560093034B /* Debug */,
				555CCEE9197527560093034B /* Release */,
			);
			defaultConfigurationIsVisible = 0;
			defaultConfigurationName = Release;
		};
		555CCEEA197527560093034B /* Build configuration list for PBXNativeTarget "LoadCalc" */ = {
			isa = XCConfigurationList;
			buildConfigurations = (
				555CCEEB197527560093034B /* Debug */,
				555CCEEC197527560093034B /* Release */,
			);
			defaultConfigurationIsVisible = 0;
			defaultConfigurationName = Release;
		};
/* End XCConfigurationList section */
	};
	rootObject = 555CCEB0197527560093034B /* Project object */;
}
